
Microsoft Visual Studio Solution File, Format Version 12.00
# Visual Studio Version 16
VisualStudioVersion = 25.0.1705.4
MinimumVisualStudioVersion = 10.0.40219.1
Project("{FAE04EC0-301F-11D3-BF4B-00C04F79EFBC}") = "MagicVilla_VillaAPI", "MagicVilla_VillaAPI\MagicVilla_VillaAPI.csproj", "{DE6091F4-69D6-49AC-83F1-DAC50F021AF4}"
EndProject
Global
	GlobalSection(SolutionConfigurationPlatforms) = preSolution
		Debug|Any CPU = Debug|Any CPU
		Release|Any CPU = Release|Any CPU
	EndGlobalSection
	GlobalSection(ProjectConfigurationPlatforms) = postSolution
		{DE6091F4-69D6-49AC-83F1-DAC50F021AF4}.Debug|Any CPU.ActiveCfg = Debug|Any CPU
		{DE6091F4-69D6-49AC-83F1-DAC50F021AF4}.Debug|Any CPU.Build.0 = Debug|Any CPU
		{DE6091F4-69D6-49AC-83F1-DAC50F021AF4}.Release|Any CPU.ActiveCfg = Release|Any CPU
		{DE6091F4-69D6-49AC-83F1-DAC50F021AF4}.Release|Any CPU.Build.0 = Release|Any CPU
	EndGlobalSection
	GlobalSection(SolutionProperties) = preSolution
		HideSolutionNode = FALSE
	EndGlobalSection
	GlobalSection(ExtensibilityGlobals) = postSolution
		SolutionGuid = {A704ED05-28C9-44D2-BC63-B9AD0CD1FE43}
	EndGlobalSection
EndGlobal
